
Microsoft Visual Studio Solution File, Format Version 12.00
# Visual Studio 2012
Project("{FAE04EC0-301F-11D3-BF4B-00C04F79EFBC}") = "RestFiles", "RestFiles.csproj", "{70B9EEDE-BC2A-42EB-933D-A94D7D4275CB}"
EndProject
Global
	GlobalSection(SolutionConfigurationPlatforms) = preSolution
		Debug|Any CPU = Debug|Any CPU
		Release|Any CPU = Release|Any CPU
	EndGlobalSection
	GlobalSection(ProjectConfigurationPlatforms) = postSolution
		{70B9EEDE-BC2A-42EB-933D-A94D7D4275CB}.Debug|Any CPU.ActiveCfg = Debug|Any CPU
		{70B9EEDE-BC2A-42EB-933D-A94D7D4275CB}.Debug|Any CPU.Build.0 = Debug|Any CPU
		{70B9EEDE-BC2A-42EB-933D-A94D7D4275CB}.Release|Any CPU.ActiveCfg = Release|Any CPU
		{70B9EEDE-BC2A-42EB-933D-A94D7D4275CB}.Release|Any CPU.Build.0 = Release|Any CPU
	EndGlobalSection
EndGlobal
